
Microsoft Visual Studio Solution File, Format Version 12.00
# Visual Studio Version 17
VisualStudioVersion = 17.8.34511.84
MinimumVisualStudioVersion = 10.0.40219.1
Project("{FAE04EC0-301F-11D3-BF4B-00C04F79EFBC}") = "MySecondApp", "MySecondApp\MySecondApp.csproj", "{216C0994-0D35-4475-95F6-3FA4344AFD7A}"
EndProject
Global
	GlobalSection(SolutionConfigurationPlatforms) = preSolution
		Debug|Any CPU = Debug|Any CPU
		Release|Any CPU = Release|Any CPU
	EndGlobalSection
	GlobalSection(ProjectConfigurationPlatforms) = postSolution
		{216C0994-0D35-4475-95F6-3FA4344AFD7A}.Debug|Any CPU.ActiveCfg = Debug|Any CPU
		{216C0994-0D35-4475-95F6-3FA4344AFD7A}.Debug|Any CPU.Build.0 = Debug|Any CPU
		{216C0994-0D35-4475-95F6-3FA4344AFD7A}.Release|Any CPU.ActiveCfg = Release|Any CPU
		{216C0994-0D35-4475-95F6-3FA4344AFD7A}.Release|Any CPU.Build.0 = Release|Any CPU
	EndGlobalSection
	GlobalSection(SolutionProperties) = preSolution
		HideSolutionNode = FALSE
	EndGlobalSection
	GlobalSection(ExtensibilityGlobals) = postSolution
		SolutionGuid = {AC9F918D-F25C-4105-8590-EB08F7CAFBF0}
	EndGlobalSection
EndGlobal
